# This file is automatically @generated by Poetry 2.1.4 and should not be changed by hand.

[[package]]
name = "six"
version = "1.17.0"
description = "Python 2 and 3 compatibility utilities"
optional = false
python-versions = "!=3.0.*,!=3.1.*,!=3.2.*,>=2.7"
groups = ["main"]
files = [
    {file = "six-1.17.0-py2.py3-none-any.whl", hash = "sha256:4721f391ed90541fddacab5acf947aa0d3dc7d27b2e1e8eda2be8970586c3274"},
    {file = "six-1.17.0.tar.gz", hash = "sha256:ff70335d468e7eb6ec65b95b99d3a2836546063f63acc5171de367e834932a81"},
]

[[package]]
name = "treelib"
version = "1.8.0"
description = "A Python implementation of tree structure."
optional = false
python-versions = "<4.0,>=3.7"
groups = ["main"]
files = [
    {file = "treelib-1.8.0-py3-none-any.whl", hash = "sha256:5235d1ebf988c5026f26ce6e5e0cd470007f16d4978185f5c9b3eee8a25aef81"},
    {file = "treelib-1.8.0.tar.gz", hash = "sha256:e1be2c6b66ffbfae85079fc4c76fb4909946d01d915ee29ff6795de53aed5d55"},
]

[package.dependencies]
six = ">=1.13.0"

[metadata]
lock-version = "2.1"
python-versions = ">=3.12,<4.0"
content-hash = "43219d52b59d0dcc56f205625ffe9494b4f534f67aad8d55d56af5135e532cac"
